<?xml version="1.0" encoding="UTF-8"?>
<CONFIG>
  <ProjectOptions>
    <Version Value="9"/>
    <PathDelim Value="\"/>
    <General>
      <MainUnit Value="0"/>
      <Title Value="SnippetSource"/>
      <ResourceType Value="res"/>
      <UseXPManifest Value="True"/>
      <XPManifest>
        <DpiAware Value="True"/>
      </XPManifest>
      <Icon Value="0"/>
      <ActiveWindowIndexAtStart Value="0"/>
    </General>
    <i18n>
      <EnableI18N Value="True"/>
      <OutDir Value="po"/>
    </i18n>
    <VersionInfo>
      <UseVersionInfo Value="True"/>
      <AutoIncrementBuild Value="True"/>
      <MajorVersionNr Value="1"/>
      <MinorVersionNr Value="6"/>
      <BuildNr Value="4"/>
      <Language Value="0809"/>
      <CharSet Value="04B0"/>
      <StringTable Comments="A textfile repository" CompanyName="Tim Sinaeve" FileDescription="SnippetSource" InternalName="SnippetSource" LegalCopyright="(c) 2013 Tim Sinaeve" OriginalFilename="SnippetSource.exe" ProductName="SnippetSource" ProductVersion="1.6"/>
    </VersionInfo>
    <BuildModes Count="4" Active="Release win64 win32">
      <Item1 Name="Default" Default="True"/>
      <Item2 Name="Debug">
        <CompilerOptions>
          <Version Value="11"/>
          <PathDelim Value="\"/>
          <Target>
            <Filename Value="snippetsource"/>
          </Target>
          <SearchPaths>
            <IncludeFiles Value="$(ProjOutDir)"/>
            <OtherUnitFiles Value="..\..\components\tslib;..\..\components\tslib\components;..\..\components\tslib\core;..\..\components\tslib\editor;..\..\components\tslib\richeditor;..\..\components\tslib\editor\settings;..\..\components\tslib\editor\settingsdialog;..\..\components\tslib\editor\toolview;..\..\components\tslib\editor\alignlines;..\..\components\tslib\editor\charactermap;..\..\components\tslib\editor\codefilter;..\..\components\tslib\editor\codeshaper;..\..\components\tslib\editor\filter;..\..\components\tslib\editor\hexeditor;..\..\components\tslib\editor\htmlview;..\..\components\tslib\editor\minimap;..\..\components\tslib\editor\preview;..\..\components\tslib\editor\search;..\..\components\tslib\editor\selectioninfo;..\..\components\tslib\editor\shortcuts;..\..\components\tslib\editor\structure;..\..\components\tslib\editor\test;..\..\components\tslib\editor\viewlist;..\..\components\tslib\editor\actionlist;..\..\components\tslib\editor\scripteditor;..\..\components\tslib\editor\sortstrings"/>
            <UnitOutputDirectory Value="lib"/>
          </SearchPaths>
          <Parsing>
            <SyntaxOptions>
              <SyntaxMode Value="Delphi"/>
            </SyntaxOptions>
          </Parsing>
          <CodeGeneration>
            <SmartLinkUnit Value="True"/>
            <Checks>
              <IOChecks Value="True"/>
              <RangeChecks Value="True"/>
              <OverflowChecks Value="True"/>
              <StackChecks Value="True"/>
            </Checks>
            <TargetOS Value="win32"/>
            <Optimizations>
              <OptimizationLevel Value="0"/>
              <VariablesInRegisters Value="True"/>
            </Optimizations>
          </CodeGeneration>
          <Linking>
            <Debugging>
              <DebugInfoType Value="dsStabs"/>
              <UseHeaptrc Value="True"/>
              <UseValgrind Value="True"/>
            </Debugging>
            <LinkSmart Value="True"/>
            <Options>
              <Win32>
                <GraphicApplication Value="True"/>
              </Win32>
            </Options>
          </Linking>
          <Other>
            <Verbosity>
              <ShowAllProcsOnError Value="True"/>
              <ShowDebugInfo Value="True"/>
              <ShowCompProc Value="True"/>
              <ShowHintsForUnusedUnitsInMainSrc Value="True"/>
            </Verbosity>
            <CompilerMessages>
              <IgnoredMessages idx5024="True"/>
              <UseMsgFile Value="True"/>
            </CompilerMessages>
            <CompilerPath Value="$(CompPath)"/>
          </Other>
        </CompilerOptions>
      </Item2>
      <Item3 Name="Release win32 win32">
        <CompilerOptions>
          <Version Value="11"/>
          <PathDelim Value="\"/>
          <Target>
            <Filename Value="bin\$(TargetCPU)-$(TargetOS)-$(LCLWidgetType)\snippetsource"/>
          </Target>
          <SearchPaths>
            <IncludeFiles Value="$(ProjOutDir)"/>
            <OtherUnitFiles Value="..\..\components\tslib;..\..\components\tslib\components;..\..\components\tslib\core;..\..\components\tslib\editor;..\..\components\tslib\richeditor;..\..\components\tslib\editor\settings;..\..\components\tslib\editor\settingsdialog;..\..\components\tslib\editor\toolview;..\..\components\tslib\editor\alignlines;..\..\components\tslib\editor\charactermap;..\..\components\tslib\editor\codefilter;..\..\components\tslib\editor\codeshaper;..\..\components\tslib\editor\filter;..\..\components\tslib\editor\hexeditor;..\..\components\tslib\editor\htmlview;..\..\components\tslib\editor\minimap;..\..\components\tslib\editor\preview;..\..\components\tslib\editor\search;..\..\components\tslib\editor\selectioninfo;..\..\components\tslib\editor\shortcuts;..\..\components\tslib\editor\structure;..\..\components\tslib\editor\test;..\..\components\tslib\editor\viewlist;..\..\components\tslib\editor\actionlist;..\..\components\tslib\editor\scripteditor;..\..\components\tslib\editor\sortstrings"/>
            <UnitOutputDirectory Value="lib\$(TargetCPU)-$(TargetOS)-$(LCLWidgetType)"/>
          </SearchPaths>
          <Conditionals Value="// example for adding linker options on Mac OS X
//if TargetOS='darwin' then
//  LinkerOptions := ' -framework OpenGL';

// example for adding a unit and include path on Windows
//if SrcOS='win' then begin
//  UnitPath += ';win';
//  IncPath += ';win';
//end;

if GetIDEValue('OS') = 'linux' then
begin
  upx := 'upx'
end
else if (GetIDEValue('OS') = 'win32') or (GetIDEValue('OS') = 'win64') then
begin
  upx := 'upx.exe'
end;"/>
          <CodeGeneration>
            <SmartLinkUnit Value="True"/>
            <TargetCPU Value="i386"/>
            <TargetOS Value="win32"/>
            <Optimizations>
              <OptimizationLevel Value="2"/>
              <VariablesInRegisters Value="True"/>
            </Optimizations>
          </CodeGeneration>
          <Linking>
            <Debugging>
              <GenerateDebugInfo Value="False"/>
              <UseLineInfoUnit Value="False"/>
              <StripSymbols Value="True"/>
            </Debugging>
            <LinkSmart Value="True"/>
            <Options>
              <Win32>
                <GraphicApplication Value="True"/>
              </Win32>
            </Options>
          </Linking>
          <Other>
            <Verbosity>
              <ShowAllProcsOnError Value="True"/>
              <ShowDebugInfo Value="True"/>
              <ShowCompProc Value="True"/>
              <ShowHintsForUnusedUnitsInMainSrc Value="True"/>
            </Verbosity>
            <CompilerMessages>
              <IgnoredMessages idx5024="True"/>
              <UseMsgFile Value="True"/>
            </CompilerMessages>
            <CompilerPath Value="$(CompPath)"/>
            <ExecuteAfter>
              <Command Value="$Path($(CompPath))\$(upx) $(TargetFile)"/>
            </ExecuteAfter>
          </Other>
        </CompilerOptions>
      </Item3>
      <Item4 Name="Release win64 win32">
        <MacroValues Count="1">
          <Macro1 Name="LCLWidgetType" Value="win32"/>
        </MacroValues>
        <CompilerOptions>
          <Version Value="11"/>
          <PathDelim Value="\"/>
          <Target>
            <Filename Value="bin\$(TargetCPU)-$(TargetOS)-$(LCLWidgetType)\snippetsource"/>
          </Target>
          <SearchPaths>
            <IncludeFiles Value="$(ProjOutDir)"/>
            <OtherUnitFiles Value="..\..\components\tslib;..\..\components\tslib\components;..\..\components\tslib\core;..\..\components\tslib\editor;..\..\components\tslib\richeditor;..\..\components\tslib\editor\settings;..\..\components\tslib\editor\settingsdialog;..\..\components\tslib\editor\toolview;..\..\components\tslib\editor\alignlines;..\..\components\tslib\editor\charactermap;..\..\components\tslib\editor\codefilter;..\..\components\tslib\editor\codeshaper;..\..\components\tslib\editor\filter;..\..\components\tslib\editor\hexeditor;..\..\components\tslib\editor\htmlview;..\..\components\tslib\editor\minimap;..\..\components\tslib\editor\preview;..\..\components\tslib\editor\search;..\..\components\tslib\editor\selectioninfo;..\..\components\tslib\editor\shortcuts;..\..\components\tslib\editor\structure;..\..\components\tslib\editor\test;..\..\components\tslib\editor\viewlist;..\..\components\tslib\editor\actionlist;..\..\components\tslib\editor\scripteditor;..\..\components\tslib\editor\sortstrings"/>
            <UnitOutputDirectory Value="lib\$(TargetCPU)-$(TargetOS)-$(LCLWidgetType)"/>
          </SearchPaths>
          <Conditionals Value="// example for adding linker options on Mac OS X
//if TargetOS='darwin' then
//  LinkerOptions := ' -framework OpenGL';

// example for adding a unit and include path on Windows
//if SrcOS='win' then begin
//  UnitPath += ';win';
//  IncPath += ';win';
//end;

if GetIDEValue('OS') = 'linux' then
begin
  upx := 'upx'
end
else if (GetIDEValue('OS') = 'win32') or (GetIDEValue('OS') = 'win64') then
begin
  upx := 'upx.exe'
end;"/>
          <CodeGeneration>
            <SmartLinkUnit Value="True"/>
            <Checks>
              <IOChecks Value="True"/>
            </Checks>
            <TargetCPU Value="x86_64"/>
            <TargetOS Value="win64"/>
            <Optimizations>
              <OptimizationLevel Value="2"/>
              <VariablesInRegisters Value="True"/>
            </Optimizations>
          </CodeGeneration>
          <Linking>
            <Debugging>
              <GenerateDebugInfo Value="False"/>
              <UseLineInfoUnit Value="False"/>
              <StripSymbols Value="True"/>
            </Debugging>
            <LinkSmart Value="True"/>
            <Options>
              <Win32>
                <GraphicApplication Value="True"/>
              </Win32>
            </Options>
          </Linking>
          <Other>
            <Verbosity>
              <ShowAllProcsOnError Value="True"/>
              <ShowDebugInfo Value="True"/>
              <ShowCompProc Value="True"/>
              <ShowHintsForUnusedUnitsInMainSrc Value="True"/>
            </Verbosity>
            <CompilerMessages>
              <IgnoredMessages idx5024="True"/>
              <UseMsgFile Value="True"/>
            </CompilerMessages>
            <CompilerPath Value="$(CompPath)"/>
            <ExecuteAfter>
              <Command Value="$Path($(CompPath))\$(upx) $(TargetFile)"/>
            </ExecuteAfter>
          </Other>
        </CompilerOptions>
      </Item4>
      <SharedMatrixOptions Count="1">
        <Item1 ID="295594767133" Modes="Release win64 win32" Type="IDEMacro" MacroName="LCLWidgetType" Value="win32"/>
      </SharedMatrixOptions>
    </BuildModes>
    <PublishOptions>
      <Version Value="2"/>
      <IgnoreBinaries Value="False"/>
      <IncludeFileFilter Value="*.(pas|pp|inc|lfm|lpr|lrs|lpi|lpk|sh|xml)"/>
      <ExcludeFileFilter Value="*.(bak|ppu|ppw|o|so);*~;backup"/>
    </PublishOptions>
    <RunParams>
      <local>
        <FormatVersion Value="1"/>
        <LaunchingApplication PathPlusParams="/usr/X11R6/bin/xterm -T 'Lazarus Run Output' -e $(LazarusDir)/tools/runwait.sh $(TargetCmdLine)"/>
      </local>
    </RunParams>
    <RequiredPackages Count="15">
      <Item1>
        <PackageName Value="luicontrols"/>
      </Item1>
      <Item2>
        <PackageName Value="HtmlComp"/>
      </Item2>
      <Item3>
        <PackageName Value="virtualdbgrid_package"/>
      </Item3>
      <Item4>
        <PackageName Value="KHexEditorLaz"/>
      </Item4>
      <Item5>
        <PackageName Value="zcomponent"/>
      </Item5>
      <Item6>
        <PackageName Value="VirtualDBTreeEx_laz"/>
      </Item6>
      <Item7>
        <PackageName Value="virtualtreeview_package"/>
      </Item7>
      <Item8>
        <PackageName Value="rx"/>
      </Item8>
      <Item9>
        <PackageName Value="RunTimeTypeInfoControls"/>
      </Item9>
      <Item10>
        <PackageName Value="LazRichEdit"/>
      </Item10>
      <Item11>
        <PackageName Value="LCLBase"/>
        <MinVersion Major="1" Release="1" Valid="True"/>
      </Item11>
      <Item12>
        <PackageName Value="SynEdit"/>
        <MinVersion Major="1" Valid="True"/>
      </Item12>
      <Item13>
        <PackageName Value="richmemopackage"/>
      </Item13>
      <Item14>
        <PackageName Value="FCL"/>
        <MinVersion Major="1" Valid="True"/>
      </Item14>
      <Item15>
        <PackageName Value="LCL"/>
      </Item15>
    </RequiredPackages>
    <Units Count="240">
      <Unit0>
        <Filename Value="snippetsource.lpr"/>
        <IsPartOfProject Value="True"/>
        <UnitName Value="SnippetSource"/>
        <EditorIndex Value="0"/>
        <WindowIndex Value="0"/>
        <TopLine Value="23"/>
        <CursorPos X="1" Y="50"/>
        <UsageCount Value="243"/>
        <Loaded Value="True"/>
        <DefaultSyntaxHighlighter Value="Delphi"/>
      </Unit0>
      <Unit1>
        <Filename Value="snippetsource_forms_main.pas"/>
        <IsPartOfProject Value="True"/>
        <ComponentName Value="frmMain"/>
        <HasResources Value="True"/>
        <ResourceBaseClass Value="Form"/>
        <UnitName Value="SnippetSource_Forms_Main"/>
        <EditorIndex Value="27"/>
        <WindowIndex Value="0"/>
        <TopLine Value="192"/>
        <CursorPos X="17" Y="208"/>
        <UsageCount Value="243"/>
        <Loaded Value="True"/>
        <LoadedDesigner Value="True"/>
        <DefaultSyntaxHighlighter Value="Delphi"/>
      </Unit1>
      <Unit2>
        <Filename Value="snippetsource_forms_virtualdbtree.pas"/>
        <IsPartOfProject Value="True"/>
        <ComponentName Value="frmVirtualDBTree"/>
        <HasResources Value="True"/>
        <ResourceBaseClass Value="Form"/>
        <UnitName Value="SnippetSource_Forms_VirtualDBTree"/>
        <EditorIndex Value="15"/>
        <WindowIndex Value="0"/>
        <TopLine Value="34"/>
        <CursorPos X="104" Y="47"/>
        <UsageCount Value="243"/>
        <Loaded Value="True"/>
        <LoadedDesigner Value="True"/>
        <DefaultSyntaxHighlighter Value="Delphi"/>
      </Unit2>
      <Unit3>
        <Filename Value="snippetsource_modules_data.pas"/>
        <IsPartOfProject Value="True"/>
        <ComponentName Value="dmMain"/>
        <HasResources Value="True"/>
        <ResourceBaseClass Value="DataModule"/>
        <UnitName Value="SnippetSource_Modules_Data"/>
        <EditorIndex Value="24"/>
        <WindowIndex Value="0"/>
        <TopLine Value="217"/>
        <CursorPos X="3" Y="260"/>
        <UsageCount Value="243"/>
        <Loaded Value="True"/>
        <LoadedDesigner Value="True"/>
        <DefaultSyntaxHighlighter Value="Delphi"/>
      </Unit3>
      <Unit4>
        <Filename Value="..\..\lcl\controls.pp"/>
        <UnitName Value="Controls"/>
        <WindowIndex Value="0"/>
        <TopLine Value="1335"/>
        <CursorPos X="15" Y="1359"/>
        <UsageCount Value="34"/>
      </Unit4>
      <Unit5>
        <Filename Value="..\..\components\tslib\deditoractions.pas"/>
        <ComponentName Value="dmEditorActions"/>
        <ResourceBaseClass Value="DataModule"/>
        <UnitName Value="DEditorActions"/>
        <WindowIndex Value="0"/>
        <TopLine Value="97"/>
        <CursorPos X="12" Y="123"/>
        <UsageCount Value="105"/>
      </Unit5>
      <Unit6>
        <Filename Value="..\..\components\tslib\tseditorinterfaces.pas"/>
        <UnitName Value="tsEditorInterfaces"/>
        <WindowIndex Value="0"/>
        <TopLine Value="47"/>
        <CursorPos X="1" Y="53"/>
        <FoldState Value=" T0iC#j(yv9'{"/>
        <UsageCount Value="123"/>
      </Unit6>
      <Unit7>
        <Filename Value="..\..\components\tslib\tseditorhelpers.pas"/>
        <UnitName Value="tsEditorHelpers"/>
        <WindowIndex Value="0"/>
        <TopLine Value="91"/>
        <CursorPos X="62" Y="112"/>
        <UsageCount Value="47"/>
      </Unit7>
      <Unit8>
        <Filename Value="..\..\components\tslib\tseditorview.pas"/>
        <ComponentName Value="EditorView"/>
        <HasResources Value="True"/>
        <ResourceBaseClass Value="Form"/>
        <UnitName Value="tsEditorView"/>
        <WindowIndex Value="0"/>
        <TopLine Value="1888"/>
        <CursorPos X="83" Y="1933"/>
        <UsageCount Value="41"/>
      </Unit8>
      <Unit9>
        <Filename Value="..\..\lcl\include\control.inc"/>
        <WindowIndex Value="0"/>
        <TopLine Value="2965"/>
        <CursorPos X="3" Y="2970"/>
        <UsageCount Value="24"/>
      </Unit9>
      <Unit10>
        <Filename Value="..\..\components\virtualtreeview\VirtualDBTreeEx\VirtualDBTreeEx.pas"/>
        <UnitName Value="VirtualDBTreeEx"/>
        <WindowIndex Value="0"/>
        <TopLine Value="1157"/>
        <CursorPos X="71" Y="1166"/>
        <UsageCount Value="86"/>
      </Unit10>
      <Unit11>
        <Filename Value="snippetsource_forms_lookup.pas"/>
        <IsPartOfProject Value="True"/>
        <ComponentName Value="frmLookup"/>
        <HasResources Value="True"/>
        <ResourceBaseClass Value="Form"/>
        <UnitName Value="SnippetSource_Forms_Lookup"/>
        <EditorIndex Value="17"/>
        <WindowIndex Value="0"/>
        <TopLine Value="18"/>
        <CursorPos X="16" Y="33"/>
        <UsageCount Value="201"/>
        <Loaded Value="True"/>
        <DefaultSyntaxHighlighter Value="Delphi"/>
      </Unit11>
      <Unit12>
        <Filename Value="snippetsource_forms_sqllog.pas"/>
        <IsPartOfProject Value="True"/>
        <ComponentName Value="frmSQLLog"/>
        <HasResources Value="True"/>
        <ResourceBaseClass Value="Form"/>
        <UnitName Value="SnippetSource_Forms_SQLLog"/>
        <EditorIndex Value="20"/>
        <WindowIndex Value="0"/>
        <TopLine Value="62"/>
        <CursorPos X="75" Y="77"/>
        <UsageCount Value="201"/>
        <Loaded Value="True"/>
        <DefaultSyntaxHighlighter Value="Delphi"/>
      </Unit12>
      <Unit13>
        <Filename Value="snippetsource_forms_settingsdialog.pas"/>
        <IsPartOfProject Value="True"/>
        <ComponentName Value="frmSettingsDialog"/>
        <HasResources Value="True"/>
        <ResourceBaseClass Value="Form"/>
        <UnitName Value="SnippetSource_Forms_SettingsDialog"/>
        <EditorIndex Value="21"/>
        <WindowIndex Value="0"/>
        <TopLine Value="1"/>
        <CursorPos X="2" Y="18"/>
        <UsageCount Value="200"/>
        <Loaded Value="True"/>
        <DefaultSyntaxHighlighter Value="Delphi"/>
      </Unit13>
      <Unit14>
        <Filename Value="snippetsource.interfaces.pas"/>
        <IsPartOfProject Value="True"/>
        <WindowIndex Value="0"/>
        <TopLine Value="1"/>
        <CursorPos X="38" Y="141"/>
        <UsageCount Value="200"/>
      </Unit14>
      <Unit15>
        <Filename Value="..\..\lcl\imglist.pp"/>
        <UnitName Value="ImgList"/>
        <WindowIndex Value="0"/>
        <TopLine Value="19"/>
        <CursorPos X="55" Y="55"/>
        <UsageCount Value="13"/>
      </Unit15>
      <Unit16>
        <Filename Value="Synopse.inc"/>
        <WindowIndex Value="0"/>
        <TopLine Value="167"/>
        <CursorPos X="1" Y="214"/>
        <UsageCount Value="546"/>
      </Unit16>
      <Unit17>
        <Filename Value="SynGdiPlus.pas"/>
        <UnitName Value="SynGdiPlus"/>
        <WindowIndex Value="0"/>
        <TopLine Value="79"/>
        <CursorPos X="23" Y="103"/>
        <UsageCount Value="549"/>
      </Unit17>
      <Unit18>
        <Filename Value="..\..\components\lzRichEdit\lzricheditfactory.pas"/>
        <UnitName Value="lzRichEditFactory"/>
        <WindowIndex Value="0"/>
        <TopLine Value="1"/>
        <CursorPos X="23" Y="13"/>
        <UsageCount Value="248"/>
      </Unit18>
      <Unit19>
        <Filename Value="..\..\lcl\intfgraphics.pas"/>
        <UnitName Value="IntfGraphics"/>
        <WindowIndex Value="0"/>
        <TopLine Value="617"/>
        <CursorPos X="5" Y="628"/>
        <UsageCount Value="15"/>
      </Unit19>
      <Unit20>
        <Filename Value="..\..\lcl\include\tiffimage.inc"/>
        <WindowIndex Value="0"/>
        <TopLine Value="11"/>
        <CursorPos X="5" Y="38"/>
        <UsageCount Value="15"/>
      </Unit20>
      <Unit21>
        <Filename Value="..\..\components\lazrichview\richview.pas"/>
        <UnitName Value="RichView"/>
        <WindowIndex Value="0"/>
        <TopLine Value="1"/>
        <CursorPos X="3" Y="9"/>
        <UsageCount Value="15"/>
      </Unit21>
      <Unit22>
        <Filename Value="..\..\components\zeosdbo\src\plain\ZPlainSqLiteDriver.pas"/>
        <UnitName Value="ZPlainSqLiteDriver"/>
        <WindowIndex Value="0"/>
        <TopLine Value="974"/>
        <CursorPos X="79" Y="996"/>
        <UsageCount Value="13"/>
        <DefaultSyntaxHighlighter Value="Delphi"/>
      </Unit22>
      <Unit23>
        <Filename Value="..\..\components\zeosdbo\src\dbc\ZDbcSqLite.pas"/>
        <UnitName Value="ZDbcSqLite"/>
        <WindowIndex Value="0"/>
        <TopLine Value="47"/>
        <CursorPos X="11" Y="56"/>
        <UsageCount Value="12"/>
        <DefaultSyntaxHighlighter Value="Delphi"/>
      </Unit23>
      <Unit24>
        <Filename Value="..\..\components\zeosdbo\src\dbc\ZDbcSqLiteUtils.pas"/>
        <UnitName Value="ZDbcSqLiteUtils"/>
        <WindowIndex Value="0"/>
        <TopLine Value="158"/>
        <CursorPos X="49" Y="175"/>
        <UsageCount Value="12"/>
        <DefaultSyntaxHighlighter Value="Delphi"/>
      </Unit24>
      <Unit25>
        <Filename Value="..\..\components\zeosdbo\src\component\ZSqlMetadata.pas"/>
        <UnitName Value="ZSqlMetadata"/>
        <WindowIndex Value="0"/>
        <TopLine Value="49"/>
        <CursorPos X="1" Y="49"/>
        <UsageCount Value="12"/>
        <DefaultSyntaxHighlighter Value="Delphi"/>
      </Unit25>
      <Unit26>
        <Filename Value="..\..\components\tslib\editor\ts_editor_manager.pas"/>
        <IsPartOfProject Value="True"/>
        <ComponentName Value="dmEditorManager"/>
        <HasResources Value="True"/>
        <ResourceBaseClass Value="DataModule"/>
        <UnitName Value="ts_Editor_Manager"/>
        <WindowIndex Value="0"/>
        <TopLine Value="728"/>
        <CursorPos X="3" Y="744"/>
        <UsageCount Value="58"/>
        <DefaultSyntaxHighlighter Value="Delphi"/>
      </Unit26>
      <Unit27>
        <Filename Value="..\..\fpc\2.6.1\source\rtl\objpas\math.pp"/>
        <UnitName Value="math"/>
        <WindowIndex Value="0"/>
        <TopLine Value="481"/>
        <CursorPos X="16" Y="522"/>
        <UsageCount Value="10"/>
      </Unit27>
      <Unit28>
        <Filename Value="..\..\components\luipack\vtvextras\virtualdbgrid\VirtualDBGrid.pas"/>
        <UnitName Value="VirtualDBGrid"/>
        <WindowIndex Value="0"/>
        <TopLine Value="1"/>
        <CursorPos X="14" Y="11"/>
        <UsageCount Value="90"/>
      </Unit28>
      <Unit29>
        <Filename Value="..\..\components\virtualtreeview\VirtualTrees.pas"/>
        <UnitName Value="VirtualTrees"/>
        <WindowIndex Value="0"/>
        <TopLine Value="13492"/>
        <CursorPos X="36" Y="13502"/>
        <UsageCount Value="8"/>
      </Unit29>
      <Unit30>
        <Filename Value="..\..\components\tslib\editor\ts_editor_utils.pas"/>
        <UnitName Value="ts_Editor_Utils"/>
        <WindowIndex Value="0"/>
        <TopLine Value="1"/>
        <CursorPos X="37" Y="31"/>
        <UsageCount Value="9"/>
      </Unit30>
      <Unit31>
        <Filename Value="..\..\components\tslib\core\ts_core_utils.pas"/>
        <UnitName Value="ts_Core_Utils"/>
        <WindowIndex Value="0"/>
        <TopLine Value="628"/>
        <CursorPos X="67" Y="652"/>
        <UsageCount Value="9"/>
      </Unit31>
      <Unit32>
        <Filename Value="..\..\components\tslib\editor\ts_editor_interfaces.pas"/>
        <UnitName Value="ts_Editor_Interfaces"/>
        <WindowIndex Value="0"/>
        <TopLine Value="671"/>
        <CursorPos X="27" Y="697"/>
        <UsageCount Value="75"/>
      </Unit32>
      <Unit33>
        <Filename Value="..\..\components\gridview\Ex_Grid.pas"/>
        <UnitName Value="Ex_Grid"/>
        <WindowIndex Value="0"/>
        <TopLine Value="6758"/>
        <CursorPos X="34" Y="6766"/>
        <UsageCount Value="76"/>
      </Unit33>
      <Unit34>
        <Filename Value="..\..\components\tslib\editor\ts_editor_helpers.pas"/>
        <UnitName Value="ts_Editor_Helpers"/>
        <WindowIndex Value="0"/>
        <TopLine Value="1"/>
        <CursorPos X="100" Y="24"/>
        <UsageCount Value="75"/>
      </Unit34>
      <Unit35>
        <Filename Value="snippetsource.virtualtree.editors.pas"/>
        <IsPartOfProject Value="True"/>
        <UnitName Value="SnippetSource.VirtualTree.Editors"/>
        <EditorIndex Value="16"/>
        <WindowIndex Value="0"/>
        <TopLine Value="189"/>
        <CursorPos X="9" Y="21"/>
        <UsageCount Value="31"/>
        <Loaded Value="True"/>
        <DefaultSyntaxHighlighter Value="Delphi"/>
      </Unit35>
      <Unit36>
        <Filename Value="..\..\components\tslib\components\ts.components.dbgridview.pas"/>
        <IsPartOfProject Value="True"/>
        <UsageCount Value="60"/>
      </Unit36>
      <Unit37>
        <Filename Value="..\..\components\tslib\components\ts.components.docking.optionsdialog.pas"/>
        <IsPartOfProject Value="True"/>
        <HasResources Value="True"/>
        <UsageCount Value="60"/>
      </Unit37>
      <Unit38>
        <Filename Value="..\..\components\tslib\components\ts.components.docking.pas"/>
        <IsPartOfProject Value="True"/>
        <UsageCount Value="60"/>
      </Unit38>
      <Unit39>
        <Filename Value="..\..\components\tslib\components\ts.components.docking.resources.pas"/>
        <IsPartOfProject Value="True"/>
        <UsageCount Value="60"/>
      </Unit39>
      <Unit40>
        <Filename Value="..\..\components\tslib\components\ts.components.docking.storage.pas"/>
        <IsPartOfProject Value="True"/>
        <UsageCount Value="60"/>
      </Unit40>
      <Unit41>
        <Filename Value="..\..\components\tslib\components\ts.components.exportrtf.pas"/>
        <IsPartOfProject Value="True"/>
        <UsageCount Value="60"/>
      </Unit41>
      <Unit42>
        <Filename Value="..\..\components\tslib\components\ts.components.fileassociation.pas"/>
        <IsPartOfProject Value="True"/>
        <UsageCount Value="60"/>
      </Unit42>
      <Unit43>
        <Filename Value="..\..\components\tslib\components\ts.components.gridview.pas"/>
        <IsPartOfProject Value="True"/>
        <UsageCount Value="60"/>
      </Unit43>
      <Unit44>
        <Filename Value="..\..\components\tslib\components\ts.components.inspector.pas"/>
        <IsPartOfProject Value="True"/>
        <UsageCount Value="60"/>
      </Unit44>
      <Unit45>
        <Filename Value="..\..\components\tslib\components\ts.components.multipanel.pas"/>
        <IsPartOfProject Value="True"/>
        <UsageCount Value="60"/>
      </Unit45>
      <Unit46>
        <Filename Value="..\..\components\tslib\components\ts.components.synminimap.pas"/>
        <IsPartOfProject Value="True"/>
        <WindowIndex Value="0"/>
        <TopLine Value="135"/>
        <CursorPos X="84" Y="170"/>
        <UsageCount Value="60"/>
      </Unit46>
      <Unit47>
        <Filename Value="..\..\components\tslib\components\ts.components.unihighlighter.pas"/>
        <IsPartOfProject Value="True"/>
        <UsageCount Value="60"/>
      </Unit47>
      <Unit48>
        <Filename Value="..\..\components\tslib\components\ts.components.uniqueinstance.pas"/>
        <IsPartOfProject Value="True"/>
        <UsageCount Value="60"/>
      </Unit48>
      <Unit49>
        <Filename Value="..\..\components\tslib\components\ts.components.xmltree.editors.pas"/>
        <IsPartOfProject Value="True"/>
        <UsageCount Value="60"/>
      </Unit49>
      <Unit50>
        <Filename Value="..\..\components\tslib\components\ts.components.xmltree.nodeattributes.pas"/>
        <IsPartOfProject Value="True"/>
        <UsageCount Value="60"/>
      </Unit50>
      <Unit51>
        <Filename Value="..\..\components\tslib\components\ts.components.xmltree.pas"/>
        <IsPartOfProject Value="True"/>
        <UsageCount Value="60"/>
      </Unit51>
      <Unit52>
        <Filename Value="..\..\components\tslib\core\ts.core.nativexml.pas"/>
        <IsPartOfProject Value="True"/>
        <UsageCount Value="60"/>
      </Unit52>
      <Unit53>
        <Filename Value="..\..\components\tslib\editor\EditAutocompleteDialog.pas"/>
        <HasResources Value="True"/>
        <UnitName Value="EditAutocompleteDialog"/>
        <UsageCount Value="18"/>
      </Unit53>
      <Unit54>
        <Filename Value="..\..\components\tslib\editor\EditEncodingsDialog.pas"/>
        <HasResources Value="True"/>
        <UnitName Value="EditEncodingsDialog"/>
        <UsageCount Value="18"/>
      </Unit54>
      <Unit55>
        <Filename Value="..\..\components\tslib\editor\EncodingDialog.pas"/>
        <HasResources Value="True"/>
        <UnitName Value="EncodingDialog"/>
        <UsageCount Value="18"/>
      </Unit55>
      <Unit56>
        <Filename Value="..\..\components\tslib\editor\EncryptDialog.pas"/>
        <HasResources Value="True"/>
        <UnitName Value="EncryptDialog"/>
        <UsageCount Value="18"/>
      </Unit56>
      <Unit57>
        <Filename Value="..\..\components\tslib\editor\ExtDialog.pas"/>
        <HasResources Value="True"/>
        <UnitName Value="ExtDialog"/>
        <UsageCount Value="18"/>
      </Unit57>
      <Unit58>
        <Filename Value="..\..\components\tslib\editor\FindInFilesDialog.pas"/>
        <HasResources Value="True"/>
        <UnitName Value="FindInFilesDialog"/>
        <UsageCount Value="18"/>
      </Unit58>
      <Unit59>
        <Filename Value="..\..\components\tslib\editor\OptionsAutocorrectForm.pas"/>
        <HasResources Value="True"/>
        <UnitName Value="OptionsAutocorrectForm"/>
        <UsageCount Value="18"/>
      </Unit59>
      <Unit60>
        <Filename Value="..\..\components\tslib\editor\SetupFiltersDialog.pas"/>
        <HasResources Value="True"/>
        <UnitName Value="SetupFiltersDialog"/>
        <UsageCount Value="48"/>
      </Unit60>
      <Unit61>
        <Filename Value="..\..\components\tslib\editor\ts.editor.aboutdialog.pas"/>
        <HasResources Value="True"/>
        <UsageCount Value="19"/>
      </Unit61>
      <Unit62>
        <Filename Value="..\..\components\tslib\editor\ts.editor.codeformatters.pas"/>
        <IsPartOfProject Value="True"/>
        <UsageCount Value="60"/>
      </Unit62>
      <Unit63>
        <Filename Value="..\..\components\tslib\editor\ts.editor.codeformatters.sql.pas"/>
        <IsPartOfProject Value="True"/>
        <UsageCount Value="60"/>
      </Unit63>
      <Unit64>
        <Filename Value="..\..\components\tslib\editor\ts.editor.codetags.pas"/>
        <IsPartOfProject Value="True"/>
        <UsageCount Value="60"/>
      </Unit64>
      <Unit65>
        <Filename Value="..\..\components\tslib\editor\ts.editor.commands.pas"/>
        <IsPartOfProject Value="True"/>
        <UsageCount Value="60"/>
      </Unit65>
      <Unit66>
        <Filename Value="..\..\components\tslib\editor\ts.editor.commentstripper.pas"/>
        <IsPartOfProject Value="True"/>
        <UsageCount Value="60"/>
      </Unit66>
      <Unit67>
        <Filename Value="..\..\components\tslib\editor\ts.editor.helpers.pas"/>
        <IsPartOfProject Value="True"/>
        <WindowIndex Value="0"/>
        <TopLine Value="1"/>
        <CursorPos X="44" Y="25"/>
        <UsageCount Value="60"/>
        <DefaultSyntaxHighlighter Value="Delphi"/>
      </Unit67>
      <Unit68>
        <Filename Value="..\..\components\tslib\editor\ts.editor.highlighterattributes.pas"/>
        <IsPartOfProject Value="True"/>
        <UsageCount Value="60"/>
      </Unit68>
      <Unit69>
        <Filename Value="..\..\components\tslib\editor\ts.editor.highlighters.pas"/>
        <IsPartOfProject Value="True"/>
        <WindowIndex Value="0"/>
        <TopLine Value="183"/>
        <CursorPos X="24" Y="610"/>
        <UsageCount Value="60"/>
        <DefaultSyntaxHighlighter Value="Delphi"/>
      </Unit69>
      <Unit70>
        <Filename Value="..\..\components\tslib\editor\ts.editor.interfaces.pas"/>
        <IsPartOfProject Value="True"/>
        <UnitName Value="ts.Editor.Interfaces"/>
        <EditorIndex Value="30"/>
        <WindowIndex Value="0"/>
        <TopLine Value="32"/>
        <CursorPos X="25" Y="38"/>
        <UsageCount Value="60"/>
        <Loaded Value="True"/>
        <DefaultSyntaxHighlighter Value="Delphi"/>
      </Unit70>
      <Unit71>
        <Filename Value="..\..\components\tslib\editor\ts.editor.manager.pas"/>
        <HasResources Value="True"/>
        <WindowIndex Value="0"/>
        <TopLine Value="1"/>
        <CursorPos X="2" Y="17"/>
        <UsageCount Value="19"/>
      </Unit71>
      <Unit72>
        <Filename Value="..\..\components\tslib\editor\ts.editor.resources.pas"/>
        <HasResources Value="True"/>
        <UsageCount Value="19"/>
      </Unit72>
      <Unit73>
        <Filename Value="..\..\components\tslib\editor\ts.editor.searchengine.pas"/>
        <UsageCount Value="37"/>
      </Unit73>
      <Unit74>
        <Filename Value="..\..\components\tslib\editor\ts.editor.selection.pas"/>
        <IsPartOfProject Value="True"/>
        <UsageCount Value="60"/>
      </Unit74>
      <Unit75>
        <Filename Value="..\..\components\tslib\editor\ts.editor.settings.alignlines.pas"/>
        <UsageCount Value="19"/>
      </Unit75>
      <Unit76>
        <Filename Value="..\..\components\tslib\editor\ts.editor.settings.codeshaper.pas"/>
        <UsageCount Value="19"/>
      </Unit76>
      <Unit77>
        <Filename Value="..\..\components\tslib\editor\ts.editor.settings.pas"/>
        <UsageCount Value="19"/>
      </Unit77>
      <Unit78>
        <Filename Value="..\..\components\tslib\editor\ts.editor.settings.searchengine.pas"/>
        <UsageCount Value="19"/>
      </Unit78>
      <Unit79>
        <Filename Value="..\..\components\tslib\editor\ts.editor.settingsdialog.colors.pas"/>
        <HasResources Value="True"/>
        <UsageCount Value="19"/>
      </Unit79>
      <Unit80>
        <Filename Value="..\..\components\tslib\editor\ts.editor.settingsdialog.fileassociations.pas"/>
        <HasResources Value="True"/>
        <UsageCount Value="19"/>
      </Unit80>
      <Unit81>
        <Filename Value="..\..\components\tslib\editor\ts.editor.settingsdialog.filetypes.pas"/>
        <HasResources Value="True"/>
        <UsageCount Value="19"/>
      </Unit81>
      <Unit82>
        <Filename Value="..\..\components\tslib\editor\ts.editor.settingsdialog.highlighters.pas"/>
        <HasResources Value="True"/>
        <WindowIndex Value="0"/>
        <TopLine Value="518"/>
        <CursorPos X="3" Y="540"/>
        <UsageCount Value="19"/>
      </Unit82>
      <Unit83>
        <Filename Value="..\..\components\tslib\editor\ts.editor.settingsdialog.keymappings.pas"/>
        <HasResources Value="True"/>
        <UsageCount Value="19"/>
      </Unit83>
      <Unit84>
        <Filename Value="..\..\components\tslib\editor\ts.editor.settingsdialog.old.pas"/>
        <HasResources Value="True"/>
        <UsageCount Value="19"/>
      </Unit84>
      <Unit85>
        <Filename Value="..\..\components\tslib\editor\ts.editor.settingsdialog.pas"/>
        <HasResources Value="True"/>
        <WindowIndex Value="0"/>
        <TopLine Value="1"/>
        <CursorPos X="3" Y="27"/>
        <UsageCount Value="19"/>
      </Unit85>
      <Unit86>
        <Filename Value="..\..\components\tslib\editor\ts.editor.toolview.actionlist.pas"/>
        <HasResources Value="True"/>
        <UsageCount Value="19"/>
      </Unit86>
      <Unit87>
        <Filename Value="..\..\components\tslib\editor\ts.editor.toolview.alignlines.pas"/>
        <HasResources Value="True"/>
        <UsageCount Value="19"/>
      </Unit87>
      <Unit88>
        <Filename Value="..\..\components\tslib\editor\ts.editor.toolview.base.pas"/>
        <HasResources Value="True"/>
        <UsageCount Value="19"/>
      </Unit88>
      <Unit89>
        <Filename Value="..\..\components\tslib\editor\ts.editor.toolview.charactermap.pas"/>
        <HasResources Value="True"/>
        <UsageCount Value="19"/>
      </Unit89>
      <Unit90>
        <Filename Value="..\..\components\tslib\editor\ts.editor.toolview.codefilter.pas"/>
        <HasResources Value="True"/>
        <UsageCount Value="19"/>
      </Unit90>
      <Unit91>
        <Filename Value="..\..\components\tslib\editor\ts.editor.toolview.codeshaper.pas"/>
        <HasResources Value="True"/>
        <UsageCount Value="19"/>
      </Unit91>
      <Unit92>
        <Filename Value="..\..\components\tslib\editor\ts.editor.toolview.hexeditor.pas"/>
        <HasResources Value="True"/>
        <WindowIndex Value="0"/>
        <TopLine Value="1"/>
        <CursorPos X="3" Y="28"/>
        <UsageCount Value="19"/>
      </Unit92>
      <Unit93>
        <Filename Value="..\..\components\tslib\editor\ts.editor.toolview.htmlview.pas"/>
        <HasResources Value="True"/>
        <WindowIndex Value="0"/>
        <TopLine Value="3"/>
        <CursorPos X="3" Y="29"/>
        <UsageCount Value="19"/>
      </Unit93>
      <Unit94>
        <Filename Value="..\..\components\tslib\editor\ts.editor.toolview.manager.pas"/>
        <IsPartOfProject Value="True"/>
        <WindowIndex Value="0"/>
        <TopLine Value="1"/>
        <CursorPos X="34" Y="8"/>
        <FoldState Value=" T3mW0A="/>
        <UsageCount Value="60"/>
      </Unit94>
      <Unit95>
        <Filename Value="..\..\components\tslib\editor\ts.editor.toolview.minimap.pas"/>
        <HasResources Value="True"/>
        <UsageCount Value="19"/>
      </Unit95>
      <Unit96>
        <Filename Value="..\..\components\tslib\editor\ts.editor.toolview.preview.pas"/>
        <HasResources Value="True"/>
        <UsageCount Value="19"/>
      </Unit96>
      <Unit97>
        <Filename Value="..\..\components\tslib\editor\ts.editor.toolview.scripteditor.pas"/>
        <HasResources Value="True"/>
        <UsageCount Value="19"/>
      </Unit97>
      <Unit98>
        <Filename Value="..\..\components\tslib\editor\ts.editor.toolview.search.pas"/>
        <HasResources Value="True"/>
        <UsageCount Value="19"/>
      </Unit98>
      <Unit99>
        <Filename Value="..\..\components\tslib\editor\ts.editor.toolview.selectioninfo.pas"/>
        <HasResources Value="True"/>
        <UsageCount Value="19"/>
      </Unit99>
      <Unit100>
        <Filename Value="..\..\components\tslib\editor\ts.editor.toolview.shortcuts.pas"/>
        <HasResources Value="True"/>
        <UsageCount Value="19"/>
      </Unit100>
      <Unit101>
        <Filename Value="..\..\components\tslib\editor\ts.editor.toolview.structure.pas"/>
        <HasResources Value="True"/>
        <UsageCount Value="19"/>
      </Unit101>
      <Unit102>
        <Filename Value="..\..\components\tslib\editor\ts.editor.toolview.test.pas"/>
        <HasResources Value="True"/>
        <UsageCount Value="19"/>
      </Unit102>
      <Unit103>
        <Filename Value="..\..\components\tslib\editor\ts.editor.toolview.viewlist.pas"/>
        <HasResources Value="True"/>
        <UsageCount Value="19"/>
      </Unit103>
      <Unit104>
        <Filename Value="..\..\components\tslib\editor\ts.editor.utils.pas"/>
        <IsPartOfProject Value="True"/>
        <WindowIndex Value="0"/>
        <TopLine Value="1"/>
        <CursorPos X="13" Y="157"/>
        <UsageCount Value="60"/>
      </Unit104>
      <Unit105>
        <Filename Value="..\..\components\tslib\editor\ts.editor.view.pas"/>
        <HasResources Value="True"/>
        <UsageCount Value="19"/>
      </Unit105>
      <Unit106>
        <Filename Value="..\..\components\tslib\richeditor\ts.richeditor.helpers.pas"/>
        <IsPartOfProject Value="True"/>
        <UnitName Value="ts.RichEditor.Helpers"/>
        <EditorIndex Value="29"/>
        <WindowIndex Value="0"/>
        <TopLine Value="33"/>
        <CursorPos X="17" Y="49"/>
        <UsageCount Value="60"/>
        <Loaded Value="True"/>
        <DefaultSyntaxHighlighter Value="Delphi"/>
      </Unit106>
      <Unit107>
        <Filename Value="..\..\components\tslib\richeditor\ts.richeditor.interfaces.pas"/>
        <IsPartOfProject Value="True"/>
        <WindowIndex Value="0"/>
        <TopLine Value="1"/>
        <CursorPos X="1" Y="1"/>
        <UsageCount Value="60"/>
      </Unit107>
      <Unit108>
        <Filename Value="..\..\components\tslib\richeditor\ts_richeditor_manager.pas"/>
        <IsPartOfProject Value="True"/>
        <ComponentName Value="dmRichEditorActions"/>
        <HasResources Value="True"/>
        <ResourceBaseClass Value="DataModule"/>
        <UnitName Value="ts_RichEditor_Manager"/>
        <EditorIndex Value="25"/>
        <WindowIndex Value="0"/>
        <TopLine Value="131"/>
        <CursorPos X="17" Y="147"/>
        <UsageCount Value="60"/>
        <Loaded Value="True"/>
        <LoadedDesigner Value="True"/>
        <DefaultSyntaxHighlighter Value="Delphi"/>
      </Unit108>
      <Unit109>
        <Filename Value="..\..\components\tslib\richeditor\ts.richeditor.textattributes.pas"/>
        <IsPartOfProject Value="True"/>
        <WindowIndex Value="0"/>
        <TopLine Value="1"/>
        <CursorPos X="1" Y="1"/>
        <UsageCount Value="60"/>
      </Unit109>
      <Unit110>
        <Filename Value="..\..\components\tslib\richeditor\ts_richeditor_view.pas"/>
        <IsPartOfProject Value="True"/>
        <ComponentName Value="RichEditorView"/>
        <HasResources Value="True"/>
        <ResourceBaseClass Value="Form"/>
        <UnitName Value="ts_richeditor_view"/>
        <EditorIndex Value="26"/>
        <WindowIndex Value="0"/>
        <TopLine Value="228"/>
        <CursorPos X="89" Y="228"/>
        <UsageCount Value="60"/>
        <Loaded Value="True"/>
        <LoadedDesigner Value="True"/>
        <DefaultSyntaxHighlighter Value="Delphi"/>
      </Unit110>
      <Unit111>
        <Filename Value="..\..\..\typhon\components\pl_LuiControls\source\multilog\ipcchannel.pas"/>
        <UnitName Value="ipcchannel"/>
        <WindowIndex Value="0"/>
        <TopLine Value="1"/>
        <CursorPos X="1" Y="1"/>
        <UsageCount Value="42"/>
        <DefaultSyntaxHighlighter Value="Delphi"/>
      </Unit111>
      <Unit112>
        <Filename Value="..\..\components\tslib\core\ADExtDialogs.pas"/>
        <UnitName Value="ADExtDialogs"/>
        <WindowIndex Value="0"/>
        <TopLine Value="78"/>
        <CursorPos X="66" Y="97"/>
        <UsageCount Value="7"/>
      </Unit112>
      <Unit113>
        <Filename Value="..\..\..\typhon\components\pl_VirtualTreesExtra\source\vte_dbtreeex.pas"/>
        <UnitName Value="vte_dbtreeex"/>
        <WindowIndex Value="0"/>
        <TopLine Value="1"/>
        <CursorPos X="1" Y="1"/>
        <UsageCount Value="22"/>
        <DefaultSyntaxHighlighter Value="Delphi"/>
      </Unit113>
      <Unit114>
        <Filename Value="..\..\components\tslib\components\ts.components.virtualdbtreeex.pas"/>
        <IsPartOfProject Value="True"/>
        <UnitName Value="ts.Components.VirtualDBTreeEx"/>
        <EditorIndex Value="19"/>
        <WindowIndex Value="0"/>
        <TopLine Value="1121"/>
        <CursorPos X="71" Y="1136"/>
        <UsageCount Value="59"/>
        <Loaded Value="True"/>
        <DefaultSyntaxHighlighter Value="Delphi"/>
      </Unit114>
      <Unit115>
        <Filename Value="..\..\components\tslib\editor\ts.editor.events.pas"/>
        <IsPartOfProject Value="True"/>
        <WindowIndex Value="0"/>
        <TopLine Value="131"/>
        <CursorPos X="3" Y="299"/>
        <UsageCount Value="58"/>
        <DefaultSyntaxHighlighter Value="Delphi"/>
      </Unit115>
      <Unit116>
        <Filename Value="..\..\components\tslib\editor\ts_editor_aboutdialog.pas"/>
        <IsPartOfProject Value="True"/>
        <HasResources Value="True"/>
        <UnitName Value="ts_Editor_AboutDialog"/>
        <WindowIndex Value="0"/>
        <TopLine Value="1"/>
        <CursorPos X="1" Y="1"/>
        <UsageCount Value="58"/>
      </Unit116>
      <Unit117>
        <Filename Value="..\..\components\tslib\editor\ts_editor_resources.pas"/>
        <IsPartOfProject Value="True"/>
        <HasResources Value="True"/>
        <UnitName Value="ts_editor_resources"/>
        <UsageCount Value="58"/>
      </Unit117>
      <Unit118>
        <Filename Value="..\..\components\tslib\editor\ts_editor_view.pas"/>
        <IsPartOfProject Value="True"/>
        <ComponentName Value="EditorView"/>
        <HasResources Value="True"/>
        <ResourceBaseClass Value="Form"/>
        <UnitName Value="ts_Editor_View"/>
        <WindowIndex Value="0"/>
        <TopLine Value="856"/>
        <CursorPos X="50" Y="880"/>
        <UsageCount Value="58"/>
        <DefaultSyntaxHighlighter Value="Delphi"/>
      </Unit118>
      <Unit119>
        <Filename Value="..\..\components\tslib\editor\toolview\ts_editor_toolview_actionlist.pas"/>
        <HasResources Value="True"/>
        <UnitName Value="ts_editor_toolview_actionlist"/>
        <UsageCount Value="35"/>
      </Unit119>
      <Unit120>
        <Filename Value="..\..\components\tslib\editor\toolview\ts_editor_toolview_alignlines.pas"/>
        <HasResources Value="True"/>
        <UnitName Value="ts_editor_toolview_alignlines"/>
        <UsageCount Value="35"/>
      </Unit120>
      <Unit121>
        <Filename Value="..\..\components\tslib\editor\toolview\ts_editor_toolview_base.pas"/>
        <IsPartOfProject Value="True"/>
        <ComponentName Value="CustomEditorToolView"/>
        <HasResources Value="True"/>
        <ResourceBaseClass Value="Form"/>
        <UnitName Value="ts_Editor_ToolView_Base"/>
        <WindowIndex Value="0"/>
        <TopLine Value="71"/>
        <CursorPos X="55" Y="37"/>
        <UsageCount Value="58"/>
        <DefaultSyntaxHighlighter Value="Delphi"/>
      </Unit121>
      <Unit122>
        <Filename Value="..\..\components\tslib\editor\toolview\ts_editor_toolview_charactermap.pas"/>
        <HasResources Value="True"/>
        <UnitName Value="ts_editor_toolview_charactermap"/>
        <UsageCount Value="35"/>
      </Unit122>
      <Unit123>
        <Filename Value="..\..\components\tslib\editor\toolview\ts_editor_toolview_codefilter.pas"/>
        <ComponentName Value="frmCodeFilterDialog"/>
        <HasResources Value="True"/>
        <ResourceBaseClass Value="Form"/>
        <UnitName Value="ts_Editor_ToolView_CodeFilter"/>
        <WindowIndex Value="0"/>
        <TopLine Value="1"/>
        <CursorPos X="66" Y="24"/>
        <UsageCount Value="35"/>
      </Unit123>
      <Unit124>
        <Filename Value="..\..\components\tslib\editor\toolview\ts_editor_toolview_codeshaper.pas"/>
        <HasResources Value="True"/>
        <UnitName Value="ts_editor_toolview_codeshaper"/>
        <UsageCount Value="35"/>
      </Unit124>
      <Unit125>
        <Filename Value="..\..\components\tslib\editor\toolview\ts_editor_toolview_hexeditor.pas"/>
        <HasResources Value="True"/>
        <UnitName Value="ts_editor_toolview_hexeditor"/>
        <UsageCount Value="35"/>
      </Unit125>
      <Unit126>
        <Filename Value="..\..\components\tslib\editor\toolview\ts_editor_toolview_htmlview.pas"/>
        <HasResources Value="True"/>
        <UnitName Value="ts_editor_toolview_htmlview"/>
        <UsageCount Value="35"/>
      </Unit126>
      <Unit127>
        <Filename Value="..\..\components\tslib\editor\toolview\ts_editor_toolview_minimap.pas"/>
        <HasResources Value="True"/>
        <UnitName Value="ts_editor_toolview_minimap"/>
        <UsageCount Value="35"/>
      </Unit127>
      <Unit128>
        <Filename Value="..\..\components\tslib\editor\toolview\ts_editor_toolview_preview.pas"/>
        <HasResources Value="True"/>
        <UnitName Value="ts_editor_toolview_preview"/>
        <UsageCount Value="35"/>
      </Unit128>
      <Unit129>
        <Filename Value="..\..\components\tslib\editor\toolview\ts_editor_toolview_scripteditor.pas"/>
        <HasResources Value="True"/>
        <UnitName Value="ts_Editor_ToolView_ScriptEditor"/>
        <WindowIndex Value="0"/>
        <TopLine Value="4"/>
        <CursorPos X="17" Y="63"/>
        <UsageCount Value="35"/>
      </Unit129>
      <Unit130>
        <Filename Value="..\..\components\tslib\editor\toolview\ts_editor_toolview_search.pas"/>
        <HasResources Value="True"/>
        <UnitName Value="ts_editor_toolview_search"/>
        <UsageCount Value="35"/>
      </Unit130>
      <Unit131>
        <Filename Value="..\..\components\tslib\editor\toolview\ts_editor_toolview_selectioninfo.pas"/>
        <HasResources Value="True"/>
        <UnitName Value="ts_Editor_ToolView_SelectionInfo"/>
        <WindowIndex Value="0"/>
        <TopLine Value="31"/>
        <CursorPos X="3" Y="91"/>
        <UsageCount Value="35"/>
      </Unit131>
      <Unit132>
        <Filename Value="..\..\components\tslib\editor\toolview\ts_editor_toolview_shortcuts.pas"/>
        <HasResources Value="True"/>
        <UnitName Value="ts_editor_toolview_shortcuts"/>
        <UsageCount Value="35"/>
      </Unit132>
      <Unit133>
        <Filename Value="..\..\components\tslib\editor\toolview\ts_editor_toolview_structure.pas"/>
        <HasResources Value="True"/>
        <UnitName Value="ts_editor_toolview_structure"/>
        <UsageCount Value="35"/>
      </Unit133>
      <Unit134>
        <Filename Value="..\..\components\tslib\editor\toolview\ts_editor_toolview_test.pas"/>
        <ComponentName Value="frmTest"/>
        <HasResources Value="True"/>
        <ResourceBaseClass Value="Form"/>
        <UnitName Value="ts_Editor_ToolView_Test"/>
        <WindowIndex Value="0"/>
        <TopLine Value="1"/>
        <CursorPos X="12" Y="28"/>
        <UsageCount Value="35"/>
      </Unit134>
      <Unit135>
        <Filename Value="..\..\components\tslib\editor\toolview\ts_editor_toolview_viewlist.pas"/>
        <HasResources Value="True"/>
        <UnitName Value="ts_editor_toolview_viewlist"/>
        <UsageCount Value="35"/>
      </Unit135>
      <Unit136>
        <Filename Value="..\..\components\tslib\editor\settings\ts.editor.settings.alignlines.pas"/>
        <UsageCount Value="35"/>
      </Unit136>
      <Unit137>
        <Filename Value="..\..\components\tslib\editor\settings\ts.editor.settings.codefilter.pas"/>
        <WindowIndex Value="0"/>
        <TopLine Value="1"/>
        <CursorPos X="71" Y="23"/>
        <UsageCount Value="35"/>
      </Unit137>
      <Unit138>
        <Filename Value="..\..\components\tslib\editor\settings\ts.editor.settings.codeshaper.pas"/>
        <UsageCount Value="35"/>
      </Unit138>
      <Unit139>
        <Filename Value="..\..\components\tslib\editor\settings\ts.editor.settings.hexeditor.pas"/>
        <UsageCount Value="35"/>
      </Unit139>
      <Unit140>
        <Filename Value="..\..\components\tslib\editor\settings\ts.editor.settings.htmlview.pas"/>
        <UsageCount Value="35"/>
      </Unit140>
      <Unit141>
        <Filename Value="..\..\components\tslib\editor\settings\ts.editor.settings.minimap.pas"/>
        <UsageCount Value="35"/>
      </Unit141>
      <Unit142>
        <Filename Value="..\..\components\tslib\editor\settings\ts.editor.settings.pas"/>
        <IsPartOfProject Value="True"/>
        <WindowIndex Value="0"/>
        <TopLine Value="910"/>
        <CursorPos X="1" Y="74"/>
        <UsageCount Value="58"/>
        <DefaultSyntaxHighlighter Value="Delphi"/>
      </Unit142>
      <Unit143>
        <Filename Value="..\..\components\tslib\editor\settings\ts.editor.settings.searchengine.pas"/>
        <UsageCount Value="35"/>
      </Unit143>
      <Unit144>
        <Filename Value="..\..\components\tslib\editor\settingsdialog\ts_editor_settingsdialog.pas"/>
        <IsPartOfProject Value="True"/>
        <HasResources Value="True"/>
        <UnitName Value="ts_Editor_SettingsDialog"/>
        <WindowIndex Value="0"/>
        <TopLine Value="1"/>
        <CursorPos X="43" Y="26"/>
        <UsageCount Value="42"/>
      </Unit144>
      <Unit145>
        <Filename Value="..\..\components\tslib\editor\settingsdialog\ts_editor_settingsdialog_applicationsettings.pas"/>
        <IsPartOfProject Value="True"/>
        <HasResources Value="True"/>
        <UnitName Value="ts_Editor_SettingsDialog_ApplicationSettings"/>
        <EditorIndex Value="32"/>
        <WindowIndex Value="0"/>
        <TopLine Value="11"/>
        <CursorPos X="31" Y="14"/>
        <UsageCount Value="42"/>
        <Loaded Value="True"/>
        <DefaultSyntaxHighlighter Value="Delphi"/>
      </Unit145>
      <Unit146>
        <Filename Value="..\..\components\tslib\editor\toolview\ts_editor_toolview_filter.pas"/>
        <UnitName Value="ts_Editor_ToolView_Filter"/>
        <WindowIndex Value="0"/>
        <TopLine Value="210"/>
        <CursorPos X="21" Y="243"/>
        <UsageCount Value="12"/>
      </Unit146>
      <Unit147>
        <Filename Value="backupsnippetsource.forms.virtualdbtree.lfm"/>
        <WindowIndex Value="0"/>
        <TopLine Value="63"/>
        <CursorPos X="35" Y="193"/>
        <UsageCount Value="16"/>
        <DefaultSyntaxHighlighter Value="LFM"/>
      </Unit147>
      <Unit148>
        <Filename Value="snippetsource_forms_virtualdbtree.lfm"/>
        <WindowIndex Value="0"/>
        <TopLine Value="1"/>
        <CursorPos X="1" Y="1"/>
        <UsageCount Value="17"/>
        <DefaultSyntaxHighlighter Value="LFM"/>
      </Unit148>
      <Unit149>
        <Filename Value="..\..\components\tslib\core\ts.core.versioninfo.pas"/>
        <IsPartOfProject Value="True"/>
        <UsageCount Value="44"/>
      </Unit149>
      <Unit150>
        <Filename Value="..\..\..\typhon\components\pl_VirtualTrees\source\VirtualTrees.pas"/>
        <UnitName Value="VirtualTrees"/>
        <WindowIndex Value="0"/>
        <TopLine Value="1673"/>
        <CursorPos X="3" Y="1693"/>
        <UsageCount Value="15"/>
      </Unit150>
      <Unit151>
        <Filename Value="..\..\..\typhon\components\pl_VirtualTrees\source\include\olemethods_win32.inc"/>
        <WindowIndex Value="0"/>
        <TopLine Value="1"/>
        <CursorPos X="1" Y="1"/>
        <UsageCount Value="16"/>
      </Unit151>
      <Unit152>
        <Filename Value="..\..\..\typhon\components\pl_VirtualTreesExtra\source\vte_controller.pas"/>
        <UnitName Value="vte_controller"/>
        <WindowIndex Value="0"/>
        <TopLine Value="78"/>
        <CursorPos X="54" Y="99"/>
        <UsageCount Value="10"/>
      </Unit152>
      <Unit153>
        <Filename Value="..\..\components\tslib\editor\alignlines\ts.editor.alignlines.settings.pas"/>
        <IsPartOfProject Value="True"/>
        <UsageCount Value="42"/>
      </Unit153>
      <Unit154>
        <Filename Value="..\..\components\tslib\editor\alignlines\ts_editor_alignlines_toolview.pas"/>
        <IsPartOfProject Value="True"/>
        <HasResources Value="True"/>
        <UnitName Value="ts_Editor_AlignLines_ToolView"/>
        <WindowIndex Value="0"/>
        <TopLine Value="293"/>
        <CursorPos X="24" Y="311"/>
        <UsageCount Value="42"/>
        <DefaultSyntaxHighlighter Value="Delphi"/>
      </Unit154>
      <Unit155>
        <Filename Value="..\..\components\tslib\editor\charactermap\ts_editor_charactermap_toolview.pas"/>
        <IsPartOfProject Value="True"/>
        <HasResources Value="True"/>
        <UnitName Value="ts_editor_charactermap_toolview"/>
        <UsageCount Value="42"/>
      </Unit155>
      <Unit156>
        <Filename Value="..\..\components\tslib\editor\codefilter\ts.editor.codefilter.data.pas"/>
        <IsPartOfProject Value="True"/>
        <UsageCount Value="42"/>
      </Unit156>
      <Unit157>
        <Filename Value="..\..\components\tslib\editor\codefilter\ts.editor.codefilter.settings.pas"/>
        <IsPartOfProject Value="True"/>
        <UsageCount Value="42"/>
      </Unit157>
      <Unit158>
        <Filename Value="..\..\components\tslib\editor\codefilter\ts_editor_codefilter_toolview.pas"/>
        <IsPartOfProject Value="True"/>
        <HasResources Value="True"/>
        <UnitName Value="ts_editor_codefilter_toolview"/>
        <UsageCount Value="42"/>
      </Unit158>
      <Unit159>
        <Filename Value="..\..\components\tslib\editor\codeshaper\ts.editor.codeshaper.settings.pas"/>
        <IsPartOfProject Value="True"/>
        <UsageCount Value="42"/>
      </Unit159>
      <Unit160>
        <Filename Value="..\..\components\tslib\editor\codeshaper\ts_editor_codeshaper_toolview.pas"/>
        <IsPartOfProject Value="True"/>
        <HasResources Value="True"/>
        <UnitName Value="ts_editor_codeshaper_toolview"/>
        <UsageCount Value="42"/>
      </Unit160>
      <Unit161>
        <Filename Value="..\..\components\tslib\editor\filter\ts_editor_filter_toolview.pas"/>
        <IsPartOfProject Value="True"/>
        <HasResources Value="True"/>
        <UnitName Value="ts_editor_filter_toolview"/>
        <UsageCount Value="42"/>
      </Unit161>
      <Unit162>
        <Filename Value="..\..\components\tslib\editor\hexeditor\ts.editor.hexeditor.settings.pas"/>
        <IsPartOfProject Value="True"/>
        <UsageCount Value="42"/>
      </Unit162>
      <Unit163>
        <Filename Value="..\..\components\tslib\editor\hexeditor\ts_editor_hexeditor_toolview.pas"/>
        <IsPartOfProject Value="True"/>
        <HasResources Value="True"/>
        <UnitName Value="ts_editor_hexeditor_toolview"/>
        <UsageCount Value="42"/>
      </Unit163>
      <Unit164>
        <Filename Value="..\..\components\tslib\editor\htmlview\ts.editor.htmlview.settings.pas"/>
        <IsPartOfProject Value="True"/>
        <UsageCount Value="42"/>
      </Unit164>
      <Unit165>
        <Filename Value="..\..\components\tslib\editor\htmlview\ts_editor_htmlview_toolview.pas"/>
        <IsPartOfProject Value="True"/>
        <HasResources Value="True"/>
        <UnitName Value="ts_Editor_HTMLView_ToolView"/>
        <EditorIndex Value="31"/>
        <WindowIndex Value="0"/>
        <TopLine Value="14"/>
        <CursorPos X="3" Y="29"/>
        <UsageCount Value="42"/>
        <Loaded Value="True"/>
        <DefaultSyntaxHighlighter Value="Delphi"/>
      </Unit165>
      <Unit166>
        <Filename Value="..\..\components\tslib\editor\minimap\ts.editor.minimap.settings.pas"/>
        <IsPartOfProject Value="True"/>
        <UsageCount Value="42"/>
      </Unit166>
      <Unit167>
        <Filename Value="..\..\components\tslib\editor\minimap\ts_editor_minimap_toolview.pas"/>
        <IsPartOfProject Value="True"/>
        <HasResources Value="True"/>
        <UnitName Value="ts_editor_minimap_toolview"/>
        <UsageCount Value="42"/>
      </Unit167>
      <Unit168>
        <Filename Value="..\..\components\tslib\editor\preview\ts_editor_preview_toolview.pas"/>
        <IsPartOfProject Value="True"/>
        <HasResources Value="True"/>
        <UnitName Value="ts_editor_preview_toolview"/>
        <UsageCount Value="42"/>
      </Unit168>
      <Unit169>
        <Filename Value="..\..\components\tslib\editor\search\ts.editor.search.data.pas"/>
        <IsPartOfProject Value="True"/>
        <UsageCount Value="42"/>
      </Unit169>
      <Unit170>
        <Filename Value="..\..\components\tslib\editor\search\ts.editor.search.engine.pas"/>
        <IsPartOfProject Value="True"/>
        <UsageCount Value="42"/>
      </Unit170>
      <Unit171>
        <Filename Value="..\..\components\tslib\editor\search\ts.editor.search.engine.settings.pas"/>
        <IsPartOfProject Value="True"/>
        <UsageCount Value="42"/>
      </Unit171>
      <Unit172>
        <Filename Value="..\..\components\tslib\editor\search\ts.editor.search.templates.pas"/>
        <IsPartOfProject Value="True"/>
        <UsageCount Value="42"/>
      </Unit172>
      <Unit173>
        <Filename Value="..\..\components\tslib\editor\search\ts_editor_search_toolview.pas"/>
        <IsPartOfProject Value="True"/>
        <HasResources Value="True"/>
        <UnitName Value="ts_Editor_Search_Toolview"/>
        <WindowIndex Value="0"/>
        <TopLine Value="444"/>
        <CursorPos X="34" Y="444"/>
        <UsageCount Value="42"/>
        <DefaultSyntaxHighlighter Value="Delphi"/>
      </Unit173>
      <Unit174>
        <Filename Value="..\..\components\tslib\editor\selectioninfo\ts_editor_selectioninfo_toolview.pas"/>
        <IsPartOfProject Value="True"/>
        <HasResources Value="True"/>
        <UnitName Value="ts_editor_selectioninfo_toolview"/>
        <UsageCount Value="42"/>
      </Unit174>
      <Unit175>
        <Filename Value="..\..\components\tslib\editor\settingsdialog\ts_editor_settingsdialog_base.pas"/>
        <IsPartOfProject Value="True"/>
        <HasResources Value="True"/>
        <UnitName Value="ts_Editor_SettingsDialog_Base"/>
        <WindowIndex Value="0"/>
        <TopLine Value="1"/>
        <CursorPos X="1" Y="1"/>
        <UsageCount Value="42"/>
      </Unit175>
      <Unit176>
        <Filename Value="..\..\components\tslib\editor\settingsdialog\ts_editor_settingsdialog_editorsettings.pas"/>
        <IsPartOfProject Value="True"/>
        <HasResources Value="True"/>
        <UnitName Value="ts_editor_settingsdialog_editorsettings"/>
        <UsageCount Value="42"/>
      </Unit176>
      <Unit177>
        <Filename Value="..\..\components\tslib\editor\settingsdialog\ts_editor_settingsdialog_extensions.pas"/>
        <IsPartOfProject Value="True"/>
        <HasResources Value="True"/>
        <UnitName Value="ts_editor_settingsdialog_extensions"/>
        <UsageCount Value="42"/>
      </Unit177>
      <Unit178>
        <Filename Value="..\..\components\tslib\editor\settingsdialog\ts_editor_settingsdialog_fileassociations.pas"/>
        <IsPartOfProject Value="True"/>
        <HasResources Value="True"/>
        <UnitName Value="ts_editor_settingsdialog_fileassociations"/>
        <UsageCount Value="42"/>
      </Unit178>
      <Unit179>
        <Filename Value="..\..\components\tslib\editor\settingsdialog\ts_editor_settingsdialog_filetypes.pas"/>
        <IsPartOfProject Value="True"/>
        <HasResources Value="True"/>
        <UnitName Value="ts_editor_settingsdialog_filetypes"/>
        <UsageCount Value="42"/>
      </Unit179>
      <Unit180>
        <Filename Value="..\..\components\tslib\editor\settingsdialog\ts_editor_settingsdialog_highlighters.pas"/>
        <IsPartOfProject Value="True"/>
        <HasResources Value="True"/>
        <UnitName Value="ts_editor_settingsdialog_highlighters"/>
        <UsageCount Value="42"/>
      </Unit180>
      <Unit181>
        <Filename Value="..\..\components\tslib\editor\settingsdialog\ts_editor_settingsdialog_keymappings.pas"/>
        <IsPartOfProject Value="True"/>
        <HasResources Value="True"/>
        <UnitName Value="ts_editor_settingsdialog_keymappings"/>
        <UsageCount Value="42"/>
      </Unit181>
      <Unit182>
        <Filename Value="..\..\components\tslib\editor\settingsdialog\ts_editor_settingsdialog_old.pas"/>
        <IsPartOfProject Value="True"/>
        <HasResources Value="True"/>
        <UnitName Value="ts_editor_settingsdialog_old"/>
        <UsageCount Value="42"/>
      </Unit182>
      <Unit183>
        <Filename Value="..\..\components\tslib\editor\shortcuts\ts_editor_shortcuts_toolview.pas"/>
        <IsPartOfProject Value="True"/>
        <HasResources Value="True"/>
        <UnitName Value="ts_editor_shortcuts_toolview"/>
        <UsageCount Value="42"/>
      </Unit183>
      <Unit184>
        <Filename Value="..\..\components\tslib\editor\structure\ts_editor_structure_toolview.pas"/>
        <IsPartOfProject Value="True"/>
        <HasResources Value="True"/>
        <UnitName Value="ts_editor_structure_toolview"/>
        <UsageCount Value="42"/>
      </Unit184>
      <Unit185>
        <Filename Value="..\..\components\tslib\editor\test\ts_editor_test_toolview.pas"/>
        <IsPartOfProject Value="True"/>
        <HasResources Value="True"/>
        <UnitName Value="ts_editor_test_toolview"/>
        <UsageCount Value="42"/>
      </Unit185>
      <Unit186>
        <Filename Value="..\..\components\tslib\editor\viewlist\ts_editor_viewlist_toolview.pas"/>
        <IsPartOfProject Value="True"/>
        <HasResources Value="True"/>
        <UnitName Value="ts_Editor_ViewList_ToolView"/>
        <WindowIndex Value="0"/>
        <TopLine Value="1"/>
        <CursorPos X="1" Y="1"/>
        <UsageCount Value="42"/>
      </Unit186>
      <Unit187>
        <Filename Value="..\..\components\tslib\editor\actionlist\ts.editor.actionlist.templates.pas"/>
        <IsPartOfProject Value="True"/>
        <UsageCount Value="42"/>
      </Unit187>
      <Unit188>
        <Filename Value="..\..\components\tslib\editor\actionlist\ts_editor_actionlist_toolview.pas"/>
        <IsPartOfProject Value="True"/>
        <HasResources Value="True"/>
        <UnitName Value="ts_Editor_ActionList_ToolView"/>
        <WindowIndex Value="0"/>
        <TopLine Value="1"/>
        <CursorPos X="32" Y="19"/>
        <UsageCount Value="42"/>
      </Unit188>
      <Unit189>
        <Filename Value="..\..\components\tslib\editor\scripteditor\ts_editor_scripteditor_toolview.pas"/>
        <IsPartOfProject Value="True"/>
        <HasResources Value="True"/>
        <UnitName Value="ts_editor_scripteditor_toolview"/>
        <UsageCount Value="42"/>
      </Unit189>
      <Unit190>
        <Filename Value="..\..\components\tslib\editor\ts.editor.types.pas"/>
        <IsPartOfProject Value="True"/>
        <WindowIndex Value="0"/>
        <TopLine Value="16"/>
        <CursorPos X="3" Y="34"/>
        <UsageCount Value="41"/>
        <DefaultSyntaxHighlighter Value="Delphi"/>
      </Unit190>
      <Unit191>
        <Filename Value="..\..\..\typhon\components\pl_LuiControls\pl_luicontrols.pas"/>
        <UnitName Value="pl_luicontrols"/>
        <WindowIndex Value="0"/>
        <TopLine Value="1"/>
        <CursorPos X="1" Y="1"/>
        <UsageCount Value="11"/>
      </Unit191>
      <Unit192>
        <Filename Value="..\..\..\typhon\components\pl_LuiControls\source\allluicontrolsregister.pas"/>
        <UnitName Value="allluicontrolsregister"/>
        <WindowIndex Value="0"/>
        <TopLine Value="16"/>
        <CursorPos X="17" Y="18"/>
        <UsageCount Value="9"/>
      </Unit192>
      <Unit193>
        <Filename Value="..\..\..\typhon\components\pl_LuiControls\source\multilog\filechannel.pas"/>
        <UnitName Value="filechannel"/>
        <UsageCount Value="19"/>
        <DefaultSyntaxHighlighter Value="Delphi"/>
      </Unit193>
      <Unit194>
        <Filename Value="..\..\..\typhon\components\pl_LuiControls\source\multilog\fpccompat.pas"/>
        <UnitName Value="fpccompat"/>
        <WindowIndex Value="0"/>
        <TopLine Value="1"/>
        <CursorPos X="1" Y="1"/>
        <UsageCount Value="19"/>
        <DefaultSyntaxHighlighter Value="Delphi"/>
      </Unit194>
      <Unit195>
        <Filename Value="..\..\..\typhon\components\pl_LuiControls\source\multilog\logtreeview.pas"/>
        <UnitName Value="logtreeview"/>
        <UsageCount Value="19"/>
        <DefaultSyntaxHighlighter Value="Delphi"/>
      </Unit195>
      <Unit196>
        <Filename Value="..\..\..\typhon\components\pl_LuiControls\source\multilog\multilog.pas"/>
        <UnitName Value="multilog"/>
        <UsageCount Value="19"/>
        <DefaultSyntaxHighlighter Value="Delphi"/>
      </Unit196>
      <Unit197>
        <Filename Value="..\..\..\typhon\components\pl_LuiControls\source\multilog\multiloglcl.pas"/>
        <UnitName Value="multiloglcl"/>
        <UsageCount Value="19"/>
        <DefaultSyntaxHighlighter Value="Delphi"/>
      </Unit197>
      <Unit198>
        <Filename Value="..\..\..\typhon\components\pl_LuiControls\source\multilog\sharedlogger.pas"/>
        <UnitName Value="sharedlogger"/>
        <UsageCount Value="19"/>
        <DefaultSyntaxHighlighter Value="Delphi"/>
      </Unit198>
      <Unit199>
        <Filename Value="..\..\..\typhon\components\pl_LuiControls\source\multilog\sharedloggerlcl.pas"/>
        <UnitName Value="sharedloggerlcl"/>
        <UsageCount Value="19"/>
        <DefaultSyntaxHighlighter Value="Delphi"/>
      </Unit199>
      <Unit200>
        <Filename Value="..\..\..\typhon\components\pl_LuiControls\source\multilog\winipc.pas"/>
        <UnitName Value="winipc"/>
        <UsageCount Value="19"/>
        <DefaultSyntaxHighlighter Value="Delphi"/>
      </Unit200>
      <Unit201>
        <Filename Value="..\..\components\tslib\components\filechannel.pas"/>
        <UnitName Value="filechannel"/>
        <UsageCount Value="25"/>
        <DefaultSyntaxHighlighter Value="Delphi"/>
      </Unit201>
      <Unit202>
        <Filename Value="..\..\components\tslib\components\fpccompat.pas"/>
        <UnitName Value="fpccompat"/>
        <UsageCount Value="25"/>
        <DefaultSyntaxHighlighter Value="Delphi"/>
      </Unit202>
      <Unit203>
        <Filename Value="..\..\components\tslib\components\ipcchannel.pas"/>
        <UnitName Value="ipcchannel"/>
        <UsageCount Value="25"/>
        <DefaultSyntaxHighlighter Value="Delphi"/>
      </Unit203>
      <Unit204>
        <Filename Value="..\..\components\tslib\components\multilog.pas"/>
        <UnitName Value="multilog"/>
        <UsageCount Value="25"/>
        <DefaultSyntaxHighlighter Value="Delphi"/>
      </Unit204>
      <Unit205>
        <Filename Value="..\..\components\tslib\components\multiloglcl.pas"/>
        <UnitName Value="multiloglcl"/>
        <UsageCount Value="25"/>
        <DefaultSyntaxHighlighter Value="Delphi"/>
      </Unit205>
      <Unit206>
        <Filename Value="..\..\components\tslib\components\sharedlogger.pas"/>
        <UnitName Value="sharedlogger"/>
        <UsageCount Value="25"/>
        <DefaultSyntaxHighlighter Value="Delphi"/>
      </Unit206>
      <Unit207>
        <Filename Value="..\..\components\tslib\components\sharedloggerlcl.pas"/>
        <UnitName Value="sharedloggerlcl"/>
        <UsageCount Value="25"/>
        <DefaultSyntaxHighlighter Value="Delphi"/>
      </Unit207>
      <Unit208>
        <Filename Value="..\..\components\tslib\core\ts.core.utils.pas"/>
        <WindowIndex Value="0"/>
        <TopLine Value="710"/>
        <CursorPos X="67" Y="727"/>
        <UsageCount Value="10"/>
      </Unit208>
      <Unit209>
        <Filename Value="..\..\components\tslib\editor\sortstrings\ts.editor.sortstrings.settings.pas"/>
        <IsPartOfProject Value="True"/>
        <UsageCount Value="31"/>
      </Unit209>
      <Unit210>
        <Filename Value="..\..\components\tslib\editor\sortstrings\ts_editor_sortstrings_toolview.pas"/>
        <IsPartOfProject Value="True"/>
        <HasResources Value="True"/>
        <UnitName Value="ts_Editor_SortStrings_ToolView"/>
        <UsageCount Value="31"/>
      </Unit210>
      <Unit211>
        <Filename Value="..\..\components\thtmlviewer\package\FrameViewer09.pas"/>
        <UnitName Value="FrameViewer09"/>
        <WindowIndex Value="0"/>
        <TopLine Value="1"/>
        <CursorPos X="3" Y="10"/>
        <UsageCount Value="9"/>
        <DefaultSyntaxHighlighter Value="Delphi"/>
      </Unit211>
      <Unit212>
        <Filename Value="..\..\..\lazarus\components\sqldb\registersqldb.pas"/>
        <UnitName Value="registersqldb"/>
        <WindowIndex Value="0"/>
        <TopLine Value="76"/>
        <CursorPos X="5" Y="91"/>
        <UsageCount Value="9"/>
      </Unit212>
      <Unit213>
        <Filename Value="..\..\components\virtualdbgrid\VirtualDBGrid.pas"/>
        <UnitName Value="VirtualDBGrid"/>
        <EditorIndex Value="18"/>
        <WindowIndex Value="0"/>
        <TopLine Value="3029"/>
        <CursorPos X="53" Y="3032"/>
        <UsageCount Value="15"/>
        <Loaded Value="True"/>
        <DefaultSyntaxHighlighter Value="Delphi"/>
      </Unit213>
      <Unit214>
        <Filename Value="..\..\components\tslib\editor\ts.editor.factories.pas"/>
        <UnitName Value="ts.Editor.Factories"/>
        <EditorIndex Value="40"/>
        <WindowIndex Value="0"/>
        <TopLine Value="37"/>
        <CursorPos X="3" Y="34"/>
        <UsageCount Value="15"/>
        <Loaded Value="True"/>
        <DefaultSyntaxHighlighter Value="Delphi"/>
      </Unit214>
      <Unit215>
        <Filename Value="snippetsource_forms_main.lfm"/>
        <WindowIndex Value="0"/>
        <TopLine Value="153"/>
        <CursorPos X="1" Y="155"/>
        <UsageCount Value="9"/>
        <DefaultSyntaxHighlighter Value="LFM"/>
      </Unit215>
      <Unit216>
        <Filename Value="..\..\components\zeoslib\src\dbc\ZDbcMetadata.pas"/>
        <UnitName Value="ZDbcMetadata"/>
        <EditorIndex Value="39"/>
        <WindowIndex Value="0"/>
        <TopLine Value="1"/>
        <CursorPos X="31" Y="8"/>
        <UsageCount Value="14"/>
        <Loaded Value="True"/>
        <DefaultSyntaxHighlighter Value="Delphi"/>
      </Unit216>
      <Unit217>
        <Filename Value="snippetsource_modules_data.lfm"/>
        <EditorIndex Value="38"/>
        <WindowIndex Value="0"/>
        <TopLine Value="785"/>
        <CursorPos X="32" Y="807"/>
        <UsageCount Value="14"/>
        <Loaded Value="True"/>
        <DefaultSyntaxHighlighter Value="LFM"/>
      </Unit217>
      <Unit218>
        <Filename Value="..\..\components\zeoslib\src\dbc\ZDbcResultSetMetadata.pas"/>
        <UnitName Value="ZDbcResultSetMetadata"/>
        <EditorIndex Value="37"/>
        <WindowIndex Value="0"/>
        <TopLine Value="791"/>
        <CursorPos X="1" Y="813"/>
        <UsageCount Value="14"/>
        <Loaded Value="True"/>
        <DefaultSyntaxHighlighter Value="Delphi"/>
      </Unit218>
      <Unit219>
        <Filename Value="..\..\components\zeoslib\src\dbc\ZDbcCache.pas"/>
        <UnitName Value="ZDbcCache"/>
        <EditorIndex Value="36"/>
        <WindowIndex Value="0"/>
        <TopLine Value="2258"/>
        <CursorPos X="56" Y="2268"/>
        <UsageCount Value="14"/>
        <Loaded Value="True"/>
        <DefaultSyntaxHighlighter Value="Delphi"/>
      </Unit219>
      <Unit220>
        <Filename Value="..\..\..\lazarus\lcl\include\customaction.inc"/>
        <EditorIndex Value="34"/>
        <WindowIndex Value="0"/>
        <TopLine Value="98"/>
        <CursorPos X="1" Y="113"/>
        <UsageCount Value="14"/>
        <Loaded Value="True"/>
        <DefaultSyntaxHighlighter Value="Delphi"/>
      </Unit220>
      <Unit221>
        <Filename Value="..\..\components\zeoslib\src\component\ZAbstractRODataset.pas"/>
        <UnitName Value="ZAbstractRODataset"/>
        <EditorIndex Value="33"/>
        <WindowIndex Value="0"/>
        <TopLine Value="1390"/>
        <CursorPos X="1" Y="1404"/>
        <UsageCount Value="14"/>
        <Loaded Value="True"/>
        <DefaultSyntaxHighlighter Value="Delphi"/>
      </Unit221>
      <Unit222>
        <Filename Value="..\..\components\lazRichEdit\tcustomrichbox.inc"/>
        <EditorIndex Value="1"/>
        <WindowIndex Value="0"/>
        <TopLine Value="14"/>
        <CursorPos X="1" Y="40"/>
        <UsageCount Value="14"/>
        <Loaded Value="True"/>
        <DefaultSyntaxHighlighter Value="Delphi"/>
      </Unit222>
      <Unit223>
        <Filename Value="..\..\components\lazRichEdit\richbox.pas"/>
        <UnitName Value="RichBox"/>
        <EditorIndex Value="2"/>
        <WindowIndex Value="0"/>
        <TopLine Value="1"/>
        <CursorPos X="45" Y="200"/>
        <UsageCount Value="12"/>
        <Loaded Value="True"/>
        <DefaultSyntaxHighlighter Value="Delphi"/>
      </Unit223>
      <Unit224>
        <Filename Value="..\..\components\lazRichEdit\interfaces\win32\win32wsrichboxfactory.pas"/>
        <UnitName Value="Win32WSRichBoxFactory"/>
        <EditorIndex Value="3"/>
        <WindowIndex Value="0"/>
        <TopLine Value="21"/>
        <CursorPos X="1" Y="1"/>
        <UsageCount Value="12"/>
        <Loaded Value="True"/>
        <DefaultSyntaxHighlighter Value="Delphi"/>
      </Unit224>
      <Unit225>
        <Filename Value="..\..\components\lazRichEdit\interfaces\win32\win32wsrichbox.pas"/>
        <UnitName Value="Win32WSRichBox"/>
        <EditorIndex Value="5"/>
        <WindowIndex Value="0"/>
        <TopLine Value="196"/>
        <CursorPos X="41" Y="687"/>
        <UsageCount Value="12"/>
        <Loaded Value="True"/>
        <DefaultSyntaxHighlighter Value="Delphi"/>
      </Unit225>
      <Unit226>
        <Filename Value="..\..\components\lazRichEdit\widgetset\wsrichbox.pas"/>
        <UnitName Value="WSRichBox"/>
        <EditorIndex Value="6"/>
        <WindowIndex Value="0"/>
        <TopLine Value="73"/>
        <CursorPos X="11" Y="98"/>
        <UsageCount Value="12"/>
        <Loaded Value="True"/>
        <DefaultSyntaxHighlighter Value="Delphi"/>
      </Unit226>
      <Unit227>
        <Filename Value="..\..\..\lazarus\lcl\actnlist.pas"/>
        <UnitName Value="ActnList"/>
        <EditorIndex Value="35"/>
        <WindowIndex Value="0"/>
        <TopLine Value="1"/>
        <CursorPos X="1" Y="1"/>
        <UsageCount Value="13"/>
        <Loaded Value="True"/>
        <DefaultSyntaxHighlighter Value="Delphi"/>
      </Unit227>
      <Unit228>
        <Filename Value="..\..\..\lazarus\lcl\include\application.inc"/>
        <EditorIndex Value="23"/>
        <WindowIndex Value="0"/>
        <TopLine Value="1078"/>
        <CursorPos X="1" Y="1093"/>
        <UsageCount Value="13"/>
        <Loaded Value="True"/>
        <DefaultSyntaxHighlighter Value="Delphi"/>
      </Unit228>
      <Unit229>
        <Filename Value="..\..\components\richmemo\richmemofactory.pas"/>
        <UnitName Value="RichMemoFactory"/>
        <EditorIndex Value="7"/>
        <WindowIndex Value="0"/>
        <TopLine Value="6"/>
        <CursorPos X="45" Y="32"/>
        <UsageCount Value="13"/>
        <Loaded Value="True"/>
        <DefaultSyntaxHighlighter Value="Delphi"/>
      </Unit229>
      <Unit230>
        <Filename Value="..\..\components\richmemo\richmemoregister.pas"/>
        <UnitName Value="richmemoregister"/>
        <EditorIndex Value="8"/>
        <WindowIndex Value="0"/>
        <TopLine Value="1"/>
        <CursorPos X="33" Y="10"/>
        <UsageCount Value="13"/>
        <Loaded Value="True"/>
        <DefaultSyntaxHighlighter Value="Delphi"/>
      </Unit230>
      <Unit231>
        <Filename Value="..\..\components\richmemo\wsrichmemo.pas"/>
        <UnitName Value="WSRichMemo"/>
        <EditorIndex Value="14"/>
        <WindowIndex Value="0"/>
        <TopLine Value="62"/>
        <CursorPos X="10" Y="77"/>
        <UsageCount Value="13"/>
        <Loaded Value="True"/>
        <DefaultSyntaxHighlighter Value="Delphi"/>
      </Unit231>
      <Unit232>
        <Filename Value="..\..\components\richmemo\richmemortf.pas"/>
        <UnitName Value="RichMemoRTF"/>
        <EditorIndex Value="12"/>
        <WindowIndex Value="0"/>
        <TopLine Value="152"/>
        <CursorPos X="1" Y="1"/>
        <UsageCount Value="13"/>
        <Loaded Value="True"/>
        <DefaultSyntaxHighlighter Value="Delphi"/>
      </Unit232>
      <Unit233>
        <Filename Value="..\..\components\richmemo\rtfdata.inc"/>
        <EditorIndex Value="13"/>
        <WindowIndex Value="0"/>
        <TopLine Value="738"/>
        <CursorPos X="1" Y="1"/>
        <UsageCount Value="13"/>
        <Loaded Value="True"/>
        <DefaultSyntaxHighlighter Value="Delphi"/>
      </Unit233>
      <Unit234>
        <Filename Value="..\..\components\richmemo\richmemo.pas"/>
        <UnitName Value="RichMemo"/>
        <EditorIndex Value="10"/>
        <WindowIndex Value="0"/>
        <TopLine Value="179"/>
        <CursorPos X="11" Y="198"/>
        <UsageCount Value="13"/>
        <Loaded Value="True"/>
        <DefaultSyntaxHighlighter Value="Delphi"/>
      </Unit234>
      <Unit235>
        <Filename Value="..\..\components\richmemo\rtfparspre211.pp"/>
        <UnitName Value="RTFParsPre211"/>
        <EditorIndex Value="11"/>
        <WindowIndex Value="0"/>
        <TopLine Value="590"/>
        <CursorPos X="40" Y="957"/>
        <UsageCount Value="13"/>
        <Loaded Value="True"/>
        <DefaultSyntaxHighlighter Value="Delphi"/>
      </Unit235>
      <Unit236>
        <Filename Value="..\..\components\richmemo\richmemopackage.lrs"/>
        <EditorIndex Value="9"/>
        <WindowIndex Value="0"/>
        <TopLine Value="1"/>
        <CursorPos X="1" Y="1"/>
        <UsageCount Value="13"/>
        <Loaded Value="True"/>
        <DefaultSyntaxHighlighter Value="Delphi"/>
      </Unit236>
      <Unit237>
        <Filename Value="..\..\components\lazRichEdit\widgetset\wsrichboxfactory.pas"/>
        <UnitName Value="WSRichBoxFactory"/>
        <EditorIndex Value="4"/>
        <WindowIndex Value="0"/>
        <TopLine Value="11"/>
        <CursorPos X="1" Y="1"/>
        <UsageCount Value="12"/>
        <Loaded Value="True"/>
        <DefaultSyntaxHighlighter Value="Delphi"/>
      </Unit237>
      <Unit238>
        <Filename Value="..\..\..\lazarus\lcl\include\customform.inc"/>
        <EditorIndex Value="22"/>
        <WindowIndex Value="0"/>
        <TopLine Value="188"/>
        <CursorPos X="1" Y="213"/>
        <UsageCount Value="12"/>
        <Loaded Value="True"/>
        <DefaultSyntaxHighlighter Value="Delphi"/>
      </Unit238>
      <Unit239>
        <Filename Value="D:\codetyphon\ts\components\htmlport\package\htmlun2.pas"/>
        <UnitName Value="htmlun2"/>
        <IsVisibleTab Value="True"/>
        <EditorIndex Value="28"/>
        <WindowIndex Value="0"/>
        <TopLine Value="477"/>
        <CursorPos X="53" Y="481"/>
        <UsageCount Value="10"/>
        <Loaded Value="True"/>
        <DefaultSyntaxHighlighter Value="Delphi"/>
      </Unit239>
    </Units>
    <JumpHistory Count="20" HistoryIndex="19">
      <Position1>
        <Filename Value="..\..\..\lazarus\lcl\include\customform.inc"/>
        <Caret Line="199" Column="1" TopLine="181"/>
      </Position1>
      <Position2>
        <Filename Value="..\..\..\lazarus\lcl\include\customform.inc"/>
        <Caret Line="200" Column="1" TopLine="181"/>
      </Position2>
      <Position3>
        <Filename Value="..\..\..\lazarus\lcl\include\customform.inc"/>
        <Caret Line="201" Column="1" TopLine="181"/>
      </Position3>
      <Position4>
        <Filename Value="..\..\..\lazarus\lcl\include\customform.inc"/>
        <Caret Line="202" Column="1" TopLine="181"/>
      </Position4>
      <Position5>
        <Filename Value="..\..\..\lazarus\lcl\include\customform.inc"/>
        <Caret Line="203" Column="1" TopLine="181"/>
      </Position5>
      <Position6>
        <Filename Value="..\..\..\lazarus\lcl\include\customform.inc"/>
        <Caret Line="204" Column="1" TopLine="181"/>
      </Position6>
      <Position7>
        <Filename Value="..\..\..\lazarus\lcl\include\customform.inc"/>
        <Caret Line="205" Column="1" TopLine="181"/>
      </Position7>
      <Position8>
        <Filename Value="..\..\..\lazarus\lcl\include\customform.inc"/>
        <Caret Line="207" Column="1" TopLine="182"/>
      </Position8>
      <Position9>
        <Filename Value="..\..\..\lazarus\lcl\include\customform.inc"/>
        <Caret Line="211" Column="1" TopLine="186"/>
      </Position9>
      <Position10>
        <Filename Value="..\..\..\lazarus\lcl\include\customform.inc"/>
        <Caret Line="213" Column="1" TopLine="188"/>
      </Position10>
      <Position11>
        <Filename Value="snippetsource_forms_virtualdbtree.pas"/>
        <Caret Line="283" Column="12" TopLine="276"/>
      </Position11>
      <Position12>
        <Filename Value="snippetsource_forms_settingsdialog.pas"/>
        <Caret Line="37" Column="71" TopLine="7"/>
      </Position12>
      <Position13>
        <Filename Value="snippetsource_forms_virtualdbtree.pas"/>
        <Caret Line="283" Column="37" TopLine="276"/>
      </Position13>
      <Position14>
        <Filename Value="snippetsource_modules_data.pas"/>
        <Caret Line="387" Column="39" TopLine="377"/>
      </Position14>
      <Position15>
        <Filename Value="..\..\components\tslib\richeditor\ts_richeditor_view.pas"/>
        <Caret Line="232" Column="32" TopLine="210"/>
      </Position15>
      <Position16>
        <Filename Value="D:\codetyphon\ts\components\htmlport\package\htmlun2.pas"/>
        <Caret Line="1" Column="1" TopLine="1"/>
      </Position16>
      <Position17>
        <Filename Value="..\..\components\tslib\richeditor\ts.richeditor.helpers.pas"/>
        <Caret Line="1" Column="1" TopLine="1"/>
      </Position17>
      <Position18>
        <Filename Value="..\..\components\tslib\richeditor\ts_richeditor_manager.pas"/>
        <Caret Line="19" Column="21" TopLine="1"/>
      </Position18>
      <Position19>
        <Filename Value="snippetsource_forms_main.pas"/>
        <Caret Line="130" Column="77" TopLine="196"/>
      </Position19>
      <Position20>
        <Filename Value="D:\codetyphon\ts\components\htmlport\package\htmlun2.pas"/>
        <Caret Line="493" Column="6" TopLine="477"/>
      </Position20>
    </JumpHistory>
  </ProjectOptions>
  <CompilerOptions>
    <Version Value="11"/>
    <PathDelim Value="\"/>
    <Target>
      <Filename Value="snippetsource"/>
    </Target>
    <SearchPaths>
      <IncludeFiles Value="$(ProjOutDir)"/>
      <Libraries Value="..\..\components\tslib\editor"/>
      <OtherUnitFiles Value="..\..\components\tslib;..\..\components\tslib\components;..\..\components\tslib\core;..\..\components\tslib\editor;..\..\components\tslib\editor\sortstrings"/>
      <UnitOutputDirectory Value="lib\$(TargetCPU)-$(TargetOS)-$(LCLWidgetType)"/>
    </SearchPaths>
    <CodeGeneration>
      <TargetOS Value="win32"/>
      <Optimizations>
        <VariablesInRegisters Value="True"/>
      </Optimizations>
    </CodeGeneration>
    <Linking>
      <Debugging>
        <UseLineInfoUnit Value="False"/>
        <UseHeaptrc Value="True"/>
      </Debugging>
      <Options>
        <Win32>
          <GraphicApplication Value="True"/>
        </Win32>
      </Options>
    </Linking>
    <Other>
      <Verbosity>
        <ShowAllProcsOnError Value="True"/>
        <ShowDebugInfo Value="True"/>
        <ShowCompProc Value="True"/>
        <ShowHintsForUnusedUnitsInMainSrc Value="True"/>
      </Verbosity>
      <CompilerMessages>
        <IgnoredMessages idx5024="True"/>
        <UseMsgFile Value="True"/>
      </CompilerMessages>
      <CompilerPath Value="$(CompPath)"/>
    </Other>
  </CompilerOptions>
  <Debugging>
    <BreakPoints Count="1">
      <Item1>
        <Kind Value="bpkSource"/>
        <WatchScope Value="wpsLocal"/>
        <WatchKind Value="wpkWrite"/>
        <Source Value="snippetsource_forms_main.pas"/>
        <Line Value="384"/>
      </Item1>
    </BreakPoints>
    <Watches Count="5">
      <Item1>
        <Expression Value="FEditing"/>
      </Item1>
      <Item2>
        <Expression Value="Grid.FEditing"/>
      </Item2>
      <Item3>
        <Expression Value="Components[i].Name"/>
      </Item3>
      <Item4>
        <Expression Value="FEditor.Form"/>
      </Item4>
      <Item5>
        <Expression Value="Pic.GetImageFormat"/>
      </Item5>
    </Watches>
    <Exceptions Count="10">
      <Item1>
        <Name Value="EAbort"/>
      </Item1>
      <Item2>
        <Name Value="ECodetoolError"/>
      </Item2>
      <Item3>
        <Name Value="EFOpenError"/>
      </Item3>
      <Item4>
        <Name Value="EConvertError"/>
      </Item4>
      <Item5>
        <Name Value="EZSQLException"/>
      </Item5>
      <Item6>
        <Name Value="Exception"/>
      </Item6>
      <Item7>
        <Name Value="EZDatabaseError"/>
      </Item7>
      <Item8>
        <Name Value="EVariantTypeCastError"/>
      </Item8>
      <Item9>
        <Name Value="FPImageException"/>
      </Item9>
      <Item10>
        <Name Value="PNGImageException"/>
      </Item10>
    </Exceptions>
  </Debugging>
  <EditorMacros Count="0"/>
</CONFIG>
